
Microsoft Visual Studio Solution File, Format Version 12.00
# Visual Studio Version 16
VisualStudioVersion = 16.0.29609.76
MinimumVisualStudioVersion = 10.0.40219.1
Project("{FAE04EC0-301F-11D3-BF4B-00C04F79EFBC}") = "RusticCoolmod", "RusticCoolmod\RusticCoolmod.csproj", "{8619513B-BF4F-4A20-B6FE-5D27E545D43C}"
EndProject
Global
	GlobalSection(SolutionConfigurationPlatforms) = preSolution
		Debug|Any CPU = Debug|Any CPU
		Release|Any CPU = Release|Any CPU
	EndGlobalSection
	GlobalSection(ProjectConfigurationPlatforms) = postSolution
		{8619513B-BF4F-4A20-B6FE-5D27E545D43C}.Debug|Any CPU.ActiveCfg = Debug|Any CPU
		{8619513B-BF4F-4A20-B6FE-5D27E545D43C}.Debug|Any CPU.Build.0 = Debug|Any CPU
		{8619513B-BF4F-4A20-B6FE-5D27E545D43C}.Release|Any CPU.ActiveCfg = Release|Any CPU
		{8619513B-BF4F-4A20-B6FE-5D27E545D43C}.Release|Any CPU.Build.0 = Release|Any CPU
	EndGlobalSection
	GlobalSection(SolutionProperties) = preSolution
		HideSolutionNode = FALSE
	EndGlobalSection
	GlobalSection(ExtensibilityGlobals) = postSolution
		SolutionGuid = {71821EA8-9512-427A-B8FE-F2392418D245}
	EndGlobalSection
EndGlobal
